
Microsoft Visual Studio Solution File, Format Version 12.00
# Visual Studio 2012
Project("{FAE04EC0-301F-11D3-BF4B-00C04F79EFBC}") = "IMNSClient", "IMNSClient\IMNSClient.csproj", "{4FD136E6-0393-4514-B9B8-AB59C2E71CF0}"
EndProject
Project("{FAE04EC0-301F-11D3-BF4B-00C04F79EFBC}") = "IMNSService", "IMNSService\IMNSService.csproj", "{7A11FBA0-6892-4205-9E9C-23C9CAED2AE1}"
EndProject
Global
	GlobalSection(SolutionConfigurationPlatforms) = preSolution
		Debug|Any CPU = Debug|Any CPU
		Debug|x86 = Debug|x86
		Release|Any CPU = Release|Any CPU
		Release|x86 = Release|x86
	EndGlobalSection
	GlobalSection(ProjectConfigurationPlatforms) = postSolution
		{4FD136E6-0393-4514-B9B8-AB59C2E71CF0}.Debug|Any CPU.ActiveCfg = Debug|Any CPU
		{4FD136E6-0393-4514-B9B8-AB59C2E71CF0}.Debug|Any CPU.Build.0 = Debug|Any CPU
		{4FD136E6-0393-4514-B9B8-AB59C2E71CF0}.Debug|x86.ActiveCfg = Debug|x86
		{4FD136E6-0393-4514-B9B8-AB59C2E71CF0}.Debug|x86.Build.0 = Debug|x86
		{4FD136E6-0393-4514-B9B8-AB59C2E71CF0}.Release|Any CPU.ActiveCfg = Release|Any CPU
		{4FD136E6-0393-4514-B9B8-AB59C2E71CF0}.Release|Any CPU.Build.0 = Release|Any CPU
		{4FD136E6-0393-4514-B9B8-AB59C2E71CF0}.Release|x86.ActiveCfg = Release|x86
		{4FD136E6-0393-4514-B9B8-AB59C2E71CF0}.Release|x86.Build.0 = Release|x86
		{7A11FBA0-6892-4205-9E9C-23C9CAED2AE1}.Debug|Any CPU.ActiveCfg = Debug|Any CPU
		{7A11FBA0-6892-4205-9E9C-23C9CAED2AE1}.Debug|Any CPU.Build.0 = Debug|Any CPU
		{7A11FBA0-6892-4205-9E9C-23C9CAED2AE1}.Debug|x86.ActiveCfg = Debug|Any CPU
		{7A11FBA0-6892-4205-9E9C-23C9CAED2AE1}.Release|Any CPU.ActiveCfg = Release|Any CPU
		{7A11FBA0-6892-4205-9E9C-23C9CAED2AE1}.Release|Any CPU.Build.0 = Release|Any CPU
		{7A11FBA0-6892-4205-9E9C-23C9CAED2AE1}.Release|x86.ActiveCfg = Release|Any CPU
	EndGlobalSection
	GlobalSection(SolutionProperties) = preSolution
		HideSolutionNode = FALSE
	EndGlobalSection
EndGlobal
